// !$*UTF8*$!
{
	archiveVersion = 1;
	classes = {
	};
	objectVersion = 77;
	objects = {

/* Begin PBXBuildFile section */
		018BA1ED80E0F92578E868F2 /* KeychainStore.swift in Sources */ = {isa = PBXBuildFile; fileRef = E157DCB1724F0A9B380232A4 /* KeychainStore.swift */; };
		157C2D3C4F6187A71E35E1C1 /* SessionsListView.swift in Sources */ = {isa = PBXBuildFile; fileRef = 4D33AF4B7AEC3B283279B729 /* SessionsListView.swift */; };
		35A3A38485AE8F9A6CD7B66E /* QRScannerView.swift in Sources */ = {isa = PBXBuildFile; fileRef = 1F58E0007721E5D5121CD8A5 /* QRScannerView.swift */; };
		3755873F515E9E0FD1AB15BC /* Components.swift in Sources */ = {isa = PBXBuildFile; fileRef = 32CD8C13D1C5AC09B6F4DD5C /* Components.swift */; };
		57A1D35B8501EE6615A80D4D /* AppState.swift in Sources */ = {isa = PBXBuildFile; fileRef = 2F06C7367424640BE613D80E /* AppState.swift */; };
		5DDC8D9E1512094BA68FE293 /* GrokRemoteApp.swift in Sources */ = {isa = PBXBuildFile; fileRef = FEBDC5458F966426BAB40650 /* GrokRemoteApp.swift */; };
		5FA3ACDA5C1AB1DD8ED4FC21 /* MarkdownBlocks.swift in Sources */ = {isa = PBXBuildFile; fileRef = 36752718E945EB4131AB4383 /* MarkdownBlocks.swift */; };
		66F6ABCCB84D9824AA97B543 /* SettingsView.swift in Sources */ = {isa = PBXBuildFile; fileRef = C9D0718C4CB7920F0F69E16F /* SettingsView.swift */; };
		803758291B296F5A08167594 /* Models.swift in Sources */ = {isa = PBXBuildFile; fileRef = 191D60523EA0E7555A474434 /* Models.swift */; };
		84BC1C02F0184C3E3EC182E0 /* MarkdownView.swift in Sources */ = {isa = PBXBuildFile; fileRef = 67F8DC19B851B4290A5C9D32 /* MarkdownView.swift */; };
		8A66444F4521EBC3C44EE6E5 /* CommandPaletteView.swift in Sources */ = {isa = PBXBuildFile; fileRef = 24381D954AB41A9C37788BDE /* CommandPaletteView.swift */; };
		94739CE7954D55D916BD5AC8 /* PairingView.swift in Sources */ = {isa = PBXBuildFile; fileRef = DAFEC3CC1513EBCCA758A714 /* PairingView.swift */; };
		95357C53BC1F9BC9FEDA853C /* MessageView.swift in Sources */ = {isa = PBXBuildFile; fileRef = 0853E7986D6B95437AFAFFAB /* MessageView.swift */; };
		ADC7203018A25E96721EDADB /* ChatView.swift in Sources */ = {isa = PBXBuildFile; fileRef = 26194C127900A1E23DB75ECD /* ChatView.swift */; };
		B691EEBB93C7DE2BB6624740 /* ProjectPickerView.swift in Sources */ = {isa = PBXBuildFile; fileRef = 179A822528C1851E6E3E68A0 /* ProjectPickerView.swift */; };
		C8F54D90975810EA49A14688 /* BridgeClient.swift in Sources */ = {isa = PBXBuildFile; fileRef = 11CC67651E14B378F1F8F240 /* BridgeClient.swift */; };
		DB51C4A5A81D01EE0EFA170A /* DesignSystem.swift in Sources */ = {isa = PBXBuildFile; fileRef = C8F77934354D9C9736A8600F /* DesignSystem.swift */; };
		E6679ABC2D950894DBAC062E /* ChatModel.swift in Sources */ = {isa = PBXBuildFile; fileRef = 2F2B60E1B0F24EFBF302E40C /* ChatModel.swift */; };
/* End PBXBuildFile section */

/* Begin PBXFileReference section */
		0853E7986D6B95437AFAFFAB /* MessageView.swift */ = {isa = PBXFileReference; lastKnownFileType = sourcecode.swift; path = MessageView.swift; sourceTree = "<group>"; };
		11CC67651E14B378F1F8F240 /* BridgeClient.swift */ = {isa = PBXFileReference; lastKnownFileType = sourcecode.swift; path = BridgeClient.swift; sourceTree = "<group>"; };
		179A822528C1851E6E3E68A0 /* ProjectPickerView.swift */ = {isa = PBXFileReference; lastKnownFileType = sourcecode.swift; path = ProjectPickerView.swift; sourceTree = "<group>"; };
		191D60523EA0E7555A474434 /* Models.swift */ = {isa = PBXFileReference; lastKnownFileType = sourcecode.swift; path = Models.swift; sourceTree = "<group>"; };
		1F58E0007721E5D5121CD8A5 /* QRScannerView.swift */ = {isa = PBXFileReference; lastKnownFileType = sourcecode.swift; path = QRScannerView.swift; sourceTree = "<group>"; };
		23C7D2AF27179DA89B5E8A86 /* GrokRemote.app */ = {isa = PBXFileReference; includeInIndex = 0; lastKnownFileType = wrapper.application; path = GrokRemote.app; sourceTree = BUILT_PRODUCTS_DIR; };
		24381D954AB41A9C37788BDE /* CommandPaletteView.swift */ = {isa = PBXFileReference; lastKnownFileType = sourcecode.swift; path = CommandPaletteView.swift; sourceTree = "<group>"; };
		26194C127900A1E23DB75ECD /* ChatView.swift */ = {isa = PBXFileReference; lastKnownFileType = sourcecode.swift; path = ChatView.swift; sourceTree = "<group>"; };
		2F06C7367424640BE613D80E /* AppState.swift */ = {isa = PBXFileReference; lastKnownFileType = sourcecode.swift; path = AppState.swift; sourceTree = "<group>"; };
		2F2B60E1B0F24EFBF302E40C /* ChatModel.swift */ = {isa = PBXFileReference; lastKnownFileType = sourcecode.swift; path = ChatModel.swift; sourceTree = "<group>"; };
		32CD8C13D1C5AC09B6F4DD5C /* Components.swift */ = {isa = PBXFileReference; lastKnownFileType = sourcecode.swift; path = Components.swift; sourceTree = "<group>"; };
		36752718E945EB4131AB4383 /* MarkdownBlocks.swift */ = {isa = PBXFileReference; lastKnownFileType = sourcecode.swift; path = MarkdownBlocks.swift; sourceTree = "<group>"; };
		4D33AF4B7AEC3B283279B729 /* SessionsListView.swift */ = {isa = PBXFileReference; lastKnownFileType = sourcecode.swift; path = SessionsListView.swift; sourceTree = "<group>"; };
		67F8DC19B851B4290A5C9D32 /* MarkdownView.swift */ = {isa = PBXFileReference; lastKnownFileType = sourcecode.swift; path = MarkdownView.swift; sourceTree = "<group>"; };
		6AC59418CC2D96E8985B1254 /* Info.plist */ = {isa = PBXFileReference; lastKnownFileType = text.plist; path = Info.plist; sourceTree = "<group>"; };
		C8F77934354D9C9736A8600F /* DesignSystem.swift */ = {isa = PBXFileReference; lastKnownFileType = sourcecode.swift; path = DesignSystem.swift; sourceTree = "<group>"; };
		C9D0718C4CB7920F0F69E16F /* SettingsView.swift */ = {isa = PBXFileReference; lastKnownFileType = sourcecode.swift; path = SettingsView.swift; sourceTree = "<group>"; };
		DAFEC3CC1513EBCCA758A714 /* PairingView.swift */ = {isa = PBXFileReference; lastKnownFileType = sourcecode.swift; path = PairingView.swift; sourceTree = "<group>"; };
		E157DCB1724F0A9B380232A4 /* KeychainStore.swift */ = {isa = PBXFileReference; lastKnownFileType = sourcecode.swift; path = KeychainStore.swift; sourceTree = "<group>"; };
		FEBDC5458F966426BAB40650 /* GrokRemoteApp.swift */ = {isa = PBXFileReference; lastKnownFileType = sourcecode.swift; path = GrokRemoteApp.swift; sourceTree = "<group>"; };
/* End PBXFileReference section */

/* Begin PBXGroup section */
		244129695209D2A8372A86CA /* Markdown */ = {
			isa = PBXGroup;
			children = (
				36752718E945EB4131AB4383 /* MarkdownBlocks.swift */,
				67F8DC19B851B4290A5C9D32 /* MarkdownView.swift */,
			);
			path = Markdown;
			sourceTree = "<group>";
		};
		5518EA6A8C878EEFDE37056B /* GrokRemote */ = {
			isa = PBXGroup;
			children = (
				2F06C7367424640BE613D80E /* AppState.swift */,
				11CC67651E14B378F1F8F240 /* BridgeClient.swift */,
				FEBDC5458F966426BAB40650 /* GrokRemoteApp.swift */,
				6AC59418CC2D96E8985B1254 /* Info.plist */,
				E157DCB1724F0A9B380232A4 /* KeychainStore.swift */,
				191D60523EA0E7555A474434 /* Models.swift */,
				E794D6B6FCB2FA57E41D73B6 /* Design */,
				244129695209D2A8372A86CA /* Markdown */,
				C94AEA0676052789066FB2AA /* Views */,
			);
			path = GrokRemote;
			sourceTree = "<group>";
		};
		5AE1A391DF991357F1E35605 = {
			isa = PBXGroup;
			children = (
				5518EA6A8C878EEFDE37056B /* GrokRemote */,
				E22E84604317B73089CCE295 /* Products */,
			);
			sourceTree = "<group>";
		};
		C94AEA0676052789066FB2AA /* Views */ = {
			isa = PBXGroup;
			children = (
				2F2B60E1B0F24EFBF302E40C /* ChatModel.swift */,
				26194C127900A1E23DB75ECD /* ChatView.swift */,
				24381D954AB41A9C37788BDE /* CommandPaletteView.swift */,
				32CD8C13D1C5AC09B6F4DD5C /* Components.swift */,
				0853E7986D6B95437AFAFFAB /* MessageView.swift */,
				DAFEC3CC1513EBCCA758A714 /* PairingView.swift */,
				179A822528C1851E6E3E68A0 /* ProjectPickerView.swift */,
				1F58E0007721E5D5121CD8A5 /* QRScannerView.swift */,
				4D33AF4B7AEC3B283279B729 /* SessionsListView.swift */,
				C9D0718C4CB7920F0F69E16F /* SettingsView.swift */,
			);
			path = Views;
			sourceTree = "<group>";
		};
		E22E84604317B73089CCE295 /* Products */ = {
			isa = PBXGroup;
			children = (
				23C7D2AF27179DA89B5E8A86 /* GrokRemote.app */,
			);
			name = Products;
			sourceTree = "<group>";
		};
		E794D6B6FCB2FA57E41D73B6 /* Design */ = {
			isa = PBXGroup;
			children = (
				C8F77934354D9C9736A8600F /* DesignSystem.swift */,
			);
			path = Design;
			sourceTree = "<group>";
		};
/* End PBXGroup section */

/* Begin PBXNativeTarget section */
		8268C83EE87BBFB6D3438BF0 /* GrokRemote */ = {
			isa = PBXNativeTarget;
			buildConfigurationList = 603E01974D8027B8CAAE9B86 /* Build configuration list for PBXNativeTarget "GrokRemote" */;
			buildPhases = (
				05A3BE8414C5C8405AEFEE73 /* Sources */,
			);
			buildRules = (
			);
			dependencies = (
			);
			name = GrokRemote;
			packageProductDependencies = (
			);
			productName = GrokRemote;
			productReference = 23C7D2AF27179DA89B5E8A86 /* GrokRemote.app */;
			productType = "com.apple.product-type.application";
		};
/* End PBXNativeTarget section */

/* Begin PBXProject section */
		FC6EDE2DB4FA748CD16265D7 /* Project object */ = {
			isa = PBXProject;
			attributes = {
				BuildIndependentTargetsInParallel = YES;
				LastUpgradeCheck = 1430;
				TargetAttributes = {
					8268C83EE87BBFB6D3438BF0 = {
						DevelopmentTeam = "";
					};
				};
			};
			buildConfigurationList = A5FA637952C851AA26529BA9 /* Build configuration list for PBXProject "GrokRemote" */;
			developmentRegion = en;
			hasScannedForEncodings = 0;
			knownRegions = (
				Base,
				en,
			);
			mainGroup = 5AE1A391DF991357F1E35605;
			minimizedProjectReferenceProxies = 1;
			preferredProjectObjectVersion = 77;
			productRefGroup = E22E84604317B73089CCE295 /* Products */;
			projectDirPath = "";
			projectRoot = "";
			targets = (
				8268C83EE87BBFB6D3438BF0 /* GrokRemote */,
			);
		};
/* End PBXProject section */

/* Begin PBXSourcesBuildPhase section */
		05A3BE8414C5C8405AEFEE73 /* Sources */ = {
			isa = PBXSourcesBuildPhase;
			buildActionMask = 2147483647;
			files = (
				57A1D35B8501EE6615A80D4D /* AppState.swift in Sources */,
				C8F54D90975810EA49A14688 /* BridgeClient.swift in Sources */,
				E6679ABC2D950894DBAC062E /* ChatModel.swift in Sources */,
				ADC7203018A25E96721EDADB /* ChatView.swift in Sources */,
				8A66444F4521EBC3C44EE6E5 /* CommandPaletteView.swift in Sources */,
				3755873F515E9E0FD1AB15BC /* Components.swift in Sources */,
				DB51C4A5A81D01EE0EFA170A /* DesignSystem.swift in Sources */,
				5DDC8D9E1512094BA68FE293 /* GrokRemoteApp.swift in Sources */,
				018BA1ED80E0F92578E868F2 /* KeychainStore.swift in Sources */,
				5FA3ACDA5C1AB1DD8ED4FC21 /* MarkdownBlocks.swift in Sources */,
				84BC1C02F0184C3E3EC182E0 /* MarkdownView.swift in Sources */,
				95357C53BC1F9BC9FEDA853C /* MessageView.swift in Sources */,
				803758291B296F5A08167594 /* Models.swift in Sources */,
				94739CE7954D55D916BD5AC8 /* PairingView.swift in Sources */,
				B691EEBB93C7DE2BB6624740 /* ProjectPickerView.swift in Sources */,
				35A3A38485AE8F9A6CD7B66E /* QRScannerView.swift in Sources */,
				157C2D3C4F6187A71E35E1C1 /* SessionsListView.swift in Sources */,
				66F6ABCCB84D9824AA97B543 /* SettingsView.swift in Sources */,
			);
			runOnlyForDeploymentPostprocessing = 0;
		};
/* End PBXSourcesBuildPhase section */

/* Begin XCBuildConfiguration section */
		1FBBD0587ED5C1A683C1CCCF /* Release */ = {
			isa = XCBuildConfiguration;
			buildSettings = {
				ALWAYS_SEARCH_USER_PATHS = NO;
				CLANG_ANALYZER_NONNULL = YES;
				CLANG_ANALYZER_NUMBER_OBJECT_CONVERSION = YES_AGGRESSIVE;
				CLANG_CXX_LANGUAGE_STANDARD = "gnu++14";
				CLANG_CXX_LIBRARY = "libc++";
				CLANG_ENABLE_MODULES = YES;
				CLANG_ENABLE_OBJC_ARC = YES;
				CLANG_ENABLE_OBJC_WEAK = YES;
				CLANG_WARN_BLOCK_CAPTURE_AUTORELEASING = YES;
				CLANG_WARN_BOOL_CONVERSION = YES;
				CLANG_WARN_COMMA = YES;
				CLANG_WARN_CONSTANT_CONVERSION = YES;
				CLANG_WARN_DEPRECATED_OBJC_IMPLEMENTATIONS = YES;
				CLANG_WARN_DIRECT_OBJC_ISA_USAGE = YES_ERROR;
				CLANG_WARN_DOCUMENTATION_COMMENTS = YES;
				CLANG_WARN_EMPTY_BODY = YES;
				CLANG_WARN_ENUM_CONVERSION = YES;
				CLANG_WARN_INFINITE_RECURSION = YES;
				CLANG_WARN_INT_CONVERSION = YES;
				CLANG_WARN_NON_LITERAL_NULL_CONVERSION = YES;
				CLANG_WARN_OBJC_IMPLICIT_RETAIN_SELF = YES;
				CLANG_WARN_OBJC_LITERAL_CONVERSION = YES;
				CLANG_WARN_OBJC_ROOT_CLASS = YES_ERROR;
				CLANG_WARN_QUOTED_INCLUDE_IN_FRAMEWORK_HEADER = YES;
				CLANG_WARN_RANGE_LOOP_ANALYSIS = YES;
				CLANG_WARN_STRICT_PROTOTYPES = YES;
				CLANG_WARN_SUSPICIOUS_MOVE = YES;
				CLANG_WARN_UNGUARDED_AVAILABILITY = YES_AGGRESSIVE;
				CLANG_WARN_UNREACHABLE_CODE = YES;
				CLANG_WARN__DUPLICATE_METHOD_MATCH = YES;
				COPY_PHASE_STRIP = NO;
				CURRENT_PROJECT_VERSION = 1;
				DEBUG_INFORMATION_FORMAT = "dwarf-with-dsym";
				ENABLE_NS_ASSERTIONS = NO;
				ENABLE_STRICT_OBJC_MSGSEND = YES;
				GCC_C_LANGUAGE_STANDARD = gnu11;
				GCC_NO_COMMON_BLOCKS = YES;
				GCC_WARN_64_TO_32_BIT_CONVERSION = YES;
				GCC_WARN_ABOUT_RETURN_TYPE = YES_ERROR;
				GCC_WARN_UNDECLARED_SELECTOR = YES;
				GCC_WARN_UNINITIALIZED_AUTOS = YES_AGGRESSIVE;
				GCC_WARN_UNUSED_FUNCTION = YES;
				GCC_WARN_UNUSED_VARIABLE = YES;
				IPHONEOS_DEPLOYMENT_TARGET = 17.0;
				MARKETING_VERSION = 0.1.0;
				MTL_ENABLE_DEBUG_INFO = NO;
				MTL_FAST_MATH = YES;
				PRODUCT_NAME = "$(TARGET_NAME)";
				SDKROOT = iphoneos;
				SWIFT_COMPILATION_MODE = wholemodule;
				SWIFT_OPTIMIZATION_LEVEL = "-O";
				SWIFT_VERSION = 5.0;
			};
			name = Release;
		};
		44275BC60A0635E4DF2E741C /* Debug */ = {
			isa = XCBuildConfiguration;
			buildSettings = {
				ALWAYS_SEARCH_USER_PATHS = NO;
				CLANG_ANALYZER_NONNULL = YES;
				CLANG_ANALYZER_NUMBER_OBJECT_CONVERSION = YES_AGGRESSIVE;
				CLANG_CXX_LANGUAGE_STANDARD = "gnu++14";
				CLANG_CXX_LIBRARY = "libc++";
				CLANG_ENABLE_MODULES = YES;
				CLANG_ENABLE_OBJC_ARC = YES;
				CLANG_ENABLE_OBJC_WEAK = YES;
				CLANG_WARN_BLOCK_CAPTURE_AUTORELEASING = YES;
				CLANG_WARN_BOOL_CONVERSION = YES;
				CLANG_WARN_COMMA = YES;
				CLANG_WARN_CONSTANT_CONVERSION = YES;
				CLANG_WARN_DEPRECATED_OBJC_IMPLEMENTATIONS = YES;
				CLANG_WARN_DIRECT_OBJC_ISA_USAGE = YES_ERROR;
				CLANG_WARN_DOCUMENTATION_COMMENTS = YES;
				CLANG_WARN_EMPTY_BODY = YES;
				CLANG_WARN_ENUM_CONVERSION = YES;
				CLANG_WARN_INFINITE_RECURSION = YES;
				CLANG_WARN_INT_CONVERSION = YES;
				CLANG_WARN_NON_LITERAL_NULL_CONVERSION = YES;
				CLANG_WARN_OBJC_IMPLICIT_RETAIN_SELF = YES;
				CLANG_WARN_OBJC_LITERAL_CONVERSION = YES;
				CLANG_WARN_OBJC_ROOT_CLASS = YES_ERROR;
				CLANG_WARN_QUOTED_INCLUDE_IN_FRAMEWORK_HEADER = YES;
				CLANG_WARN_RANGE_LOOP_ANALYSIS = YES;
				CLANG_WARN_STRICT_PROTOTYPES = YES;
				CLANG_WARN_SUSPICIOUS_MOVE = YES;
				CLANG_WARN_UNGUARDED_AVAILABILITY = YES_AGGRESSIVE;
				CLANG_WARN_UNREACHABLE_CODE = YES;
				CLANG_WARN__DUPLICATE_METHOD_MATCH = YES;
				COPY_PHASE_STRIP = NO;
				CURRENT_PROJECT_VERSION = 1;
				DEBUG_INFORMATION_FORMAT = dwarf;
				ENABLE_STRICT_OBJC_MSGSEND = YES;
				ENABLE_TESTABILITY = YES;
				GCC_C_LANGUAGE_STANDARD = gnu11;
				GCC_DYNAMIC_NO_PIC = NO;
				GCC_NO_COMMON_BLOCKS = YES;
				GCC_OPTIMIZATION_LEVEL = 0;
				GCC_PREPROCESSOR_DEFINITIONS = (
					"$(inherited)",
					"DEBUG=1",
				);
				GCC_WARN_64_TO_32_BIT_CONVERSION = YES;
				GCC_WARN_ABOUT_RETURN_TYPE = YES_ERROR;
				GCC_WARN_UNDECLARED_SELECTOR = YES;
				GCC_WARN_UNINITIALIZED_AUTOS = YES_AGGRESSIVE;
				GCC_WARN_UNUSED_FUNCTION = YES;
				GCC_WARN_UNUSED_VARIABLE = YES;
				IPHONEOS_DEPLOYMENT_TARGET = 17.0;
				MARKETING_VERSION = 0.1.0;
				MTL_ENABLE_DEBUG_INFO = INCLUDE_SOURCE;
				MTL_FAST_MATH = YES;
				ONLY_ACTIVE_ARCH = YES;
				PRODUCT_NAME = "$(TARGET_NAME)";
				SDKROOT = iphoneos;
				SWIFT_ACTIVE_COMPILATION_CONDITIONS = DEBUG;
				SWIFT_OPTIMIZATION_LEVEL = "-Onone";
				SWIFT_VERSION = 5.0;
			};
			name = Debug;
		};
		53CE05D769D36A9B141E4DFA /* Release */ = {
			isa = XCBuildConfiguration;
			buildSettings = {
				ASSETCATALOG_COMPILER_APPICON_NAME = AppIcon;
				CODE_SIGN_IDENTITY = "iPhone Developer";
				DEVELOPMENT_TEAM = "";
				INFOPLIST_FILE = GrokRemote/Info.plist;
				LD_RUNPATH_SEARCH_PATHS = (
					"$(inherited)",
					"@executable_path/Frameworks",
				);
				PRODUCT_BUNDLE_IDENTIFIER = com.v0id.grokremote;
				SDKROOT = iphoneos;
				SWIFT_VERSION = 5.0;
				TARGETED_DEVICE_FAMILY = 1;
			};
			name = Release;
		};
		67C52990DF7B21431A48CF71 /* Debug */ = {
			isa = XCBuildConfiguration;
			buildSettings = {
				ASSETCATALOG_COMPILER_APPICON_NAME = AppIcon;
				CODE_SIGN_IDENTITY = "iPhone Developer";
				DEVELOPMENT_TEAM = "";
				INFOPLIST_FILE = GrokRemote/Info.plist;
				LD_RUNPATH_SEARCH_PATHS = (
					"$(inherited)",
					"@executable_path/Frameworks",
				);
				PRODUCT_BUNDLE_IDENTIFIER = com.v0id.grokremote;
				SDKROOT = iphoneos;
				SWIFT_VERSION = 5.0;
				TARGETED_DEVICE_FAMILY = 1;
			};
			name = Debug;
		};
/* End XCBuildConfiguration section */

/* Begin XCConfigurationList section */
		603E01974D8027B8CAAE9B86 /* Build configuration list for PBXNativeTarget "GrokRemote" */ = {
			isa = XCConfigurationList;
			buildConfigurations = (
				67C52990DF7B21431A48CF71 /* Debug */,
				53CE05D769D36A9B141E4DFA /* Release */,
			);
			defaultConfigurationIsVisible = 0;
			defaultConfigurationName = Debug;
		};
		A5FA637952C851AA26529BA9 /* Build configuration list for PBXProject "GrokRemote" */ = {
			isa = XCConfigurationList;
			buildConfigurations = (
				44275BC60A0635E4DF2E741C /* Debug */,
				1FBBD0587ED5C1A683C1CCCF /* Release */,
			);
			defaultConfigurationIsVisible = 0;
			defaultConfigurationName = Debug;
		};
/* End XCConfigurationList section */
	};
	rootObject = FC6EDE2DB4FA748CD16265D7 /* Project object */;
}
